// !$*UTF8*$!
{
	archiveVersion = 1;
	classes = {
	};
	objectVersion = 56;
	objects = {

/* Begin PBXBuildFile section */
		2C08EF5F2A26867A001D9540 /* TicTacToeApp.swift in Sources */ = {isa = PBXBuildFile; fileRef = 2C08EF5E2A26867A001D9540 /* TicTacToeApp.swift */; };
		2C08EF632A26867B001D9540 /* Assets.xcassets in Resources */ = {isa = PBXBuildFile; fileRef = 2C08EF622A26867B001D9540 /* Assets.xcassets */; };
		2C08EF662A26867B001D9540 /* Preview Assets.xcassets in Resources */ = {isa = PBXBuildFile; fileRef = 2C08EF652A26867B001D9540 /* Preview Assets.xcassets */; };
		2C08EF7A2A26867B001D9540 /* TicTacToeUITests.swift in Sources */ = {isa = PBXBuildFile; fileRef = 2C08EF792A26867B001D9540 /* TicTacToeUITests.swift */; };
		2C08EF7C2A26867B001D9540 /* TicTacToeUITestsLaunchTests.swift in Sources */ = {isa = PBXBuildFile; fileRef = 2C08EF7B2A26867B001D9540 /* TicTacToeUITestsLaunchTests.swift */; };
		2C08EF8A2A26872D001D9540 /* TicModelTests.swift in Sources */ = {isa = PBXBuildFile; fileRef = 2C08EF892A26872D001D9540 /* TicModelTests.swift */; };
		2C08EF8D2A268781001D9540 /* TicModel.swift in Sources */ = {isa = PBXBuildFile; fileRef = 2C08EF8C2A268781001D9540 /* TicModel.swift */; };
		2C08EF8E2A26879B001D9540 /* TicModel.swift in Sources */ = {isa = PBXBuildFile; fileRef = 2C08EF8C2A268781001D9540 /* TicModel.swift */; };
		2C08EF982A268AAC001D9540 /* TicViewModelTests.swift in Sources */ = {isa = PBXBuildFile; fileRef = 2C08EF972A268AAC001D9540 /* TicViewModelTests.swift */; };
		2C08EF9A2A268ACE001D9540 /* TicViewModel.swift in Sources */ = {isa = PBXBuildFile; fileRef = 2C08EF992A268ACE001D9540 /* TicViewModel.swift */; };
		2C08EF9B2A268ACE001D9540 /* TicViewModel.swift in Sources */ = {isa = PBXBuildFile; fileRef = 2C08EF992A268ACE001D9540 /* TicViewModel.swift */; };
		2C08EF9E2A268B90001D9540 /* TicTacToeView.swift in Sources */ = {isa = PBXBuildFile; fileRef = 2C08EF9D2A268B90001D9540 /* TicTacToeView.swift */; };
		2C08EF9F2A268B90001D9540 /* TicTacToeView.swift in Sources */ = {isa = PBXBuildFile; fileRef = 2C08EF9D2A268B90001D9540 /* TicTacToeView.swift */; };
		2C08EFA12A26904D001D9540 /* GridView.swift in Sources */ = {isa = PBXBuildFile; fileRef = 2C08EFA02A26904D001D9540 /* GridView.swift */; };
		2C08EFA22A26904D001D9540 /* GridView.swift in Sources */ = {isa = PBXBuildFile; fileRef = 2C08EFA02A26904D001D9540 /* GridView.swift */; };
/* End PBXBuildFile section */

/* Begin PBXContainerItemProxy section */
		2C08EF6C2A26867B001D9540 /* PBXContainerItemProxy */ = {
			isa = PBXContainerItemProxy;
			containerPortal = 2C08EF532A26867A001D9540 /* Project object */;
			proxyType = 1;
			remoteGlobalIDString = 2C08EF5A2A26867A001D9540;
			remoteInfo = TicTacToe;
		};
		2C08EF762A26867B001D9540 /* PBXContainerItemProxy */ = {
			isa = PBXContainerItemProxy;
			containerPortal = 2C08EF532A26867A001D9540 /* Project object */;
			proxyType = 1;
			remoteGlobalIDString = 2C08EF5A2A26867A001D9540;
			remoteInfo = TicTacToe;
		};
/* End PBXContainerItemProxy section */

/* Begin PBXFileReference section */
		2C08EF5B2A26867A001D9540 /* TicTacToe.app */ = {isa = PBXFileReference; explicitFileType = wrapper.application; includeInIndex = 0; path = TicTacToe.app; sourceTree = BUILT_PRODUCTS_DIR; };
		2C08EF5E2A26867A001D9540 /* TicTacToeApp.swift */ = {isa = PBXFileReference; lastKnownFileType = sourcecode.swift; path = TicTacToeApp.swift; sourceTree = "<group>"; };
		2C08EF622A26867B001D9540 /* Assets.xcassets */ = {isa = PBXFileReference; lastKnownFileType = folder.assetcatalog; path = Assets.xcassets; sourceTree = "<group>"; };
		2C08EF652A26867B001D9540 /* Preview Assets.xcassets */ = {isa = PBXFileReference; lastKnownFileType = folder.assetcatalog; path = "Preview Assets.xcassets"; sourceTree = "<group>"; };
		2C08EF6B2A26867B001D9540 /* TicTacToeTests.xctest */ = {isa = PBXFileReference; explicitFileType = wrapper.cfbundle; includeInIndex = 0; path = TicTacToeTests.xctest; sourceTree = BUILT_PRODUCTS_DIR; };
		2C08EF752A26867B001D9540 /* TicTacToeUITests.xctest */ = {isa = PBXFileReference; explicitFileType = wrapper.cfbundle; includeInIndex = 0; path = TicTacToeUITests.xctest; sourceTree = BUILT_PRODUCTS_DIR; };
		2C08EF792A26867B001D9540 /* TicTacToeUITests.swift */ = {isa = PBXFileReference; lastKnownFileType = sourcecode.swift; path = TicTacToeUITests.swift; sourceTree = "<group>"; };
		2C08EF7B2A26867B001D9540 /* TicTacToeUITestsLaunchTests.swift */ = {isa = PBXFileReference; lastKnownFileType = sourcecode.swift; path = TicTacToeUITestsLaunchTests.swift; sourceTree = "<group>"; };
		2C08EF892A26872D001D9540 /* TicModelTests.swift */ = {isa = PBXFileReference; lastKnownFileType = sourcecode.swift; path = TicModelTests.swift; sourceTree = "<group>"; };
		2C08EF8C2A268781001D9540 /* TicModel.swift */ = {isa = PBXFileReference; lastKnownFileType = sourcecode.swift; path = TicModel.swift; sourceTree = "<group>"; };
		2C08EF972A268AAC001D9540 /* TicViewModelTests.swift */ = {isa = PBXFileReference; lastKnownFileType = sourcecode.swift; path = TicViewModelTests.swift; sourceTree = "<group>"; };
		2C08EF992A268ACE001D9540 /* TicViewModel.swift */ = {isa = PBXFileReference; lastKnownFileType = sourcecode.swift; path = TicViewModel.swift; sourceTree = "<group>"; };
		2C08EF9D2A268B90001D9540 /* TicTacToeView.swift */ = {isa = PBXFileReference; lastKnownFileType = sourcecode.swift; path = TicTacToeView.swift; sourceTree = "<group>"; };
		2C08EFA02A26904D001D9540 /* GridView.swift */ = {isa = PBXFileReference; lastKnownFileType = sourcecode.swift; path = GridView.swift; sourceTree = "<group>"; };
/* End PBXFileReference section */

/* Begin PBXFrameworksBuildPhase section */
		2C08EF582A26867A001D9540 /* Frameworks */ = {
			isa = PBXFrameworksBuildPhase;
			buildActionMask = 2147483647;
			files = (
			);
			runOnlyForDeploymentPostprocessing = 0;
		};
		2C08EF682A26867B001D9540 /* Frameworks */ = {
			isa = PBXFrameworksBuildPhase;
			buildActionMask = 2147483647;
			files = (
			);
			runOnlyForDeploymentPostprocessing = 0;
		};
		2C08EF722A26867B001D9540 /* Frameworks */ = {
			isa = PBXFrameworksBuildPhase;
			buildActionMask = 2147483647;
			files = (
			);
			runOnlyForDeploymentPostprocessing = 0;
		};
/* End PBXFrameworksBuildPhase section */

/* Begin PBXGroup section */
		2C08EF522A26867A001D9540 = {
			isa = PBXGroup;
			children = (
				2C08EF5D2A26867A001D9540 /* TicTacToe */,
				2C08EF6E2A26867B001D9540 /* TicTacToeTests */,
				2C08EF782A26867B001D9540 /* TicTacToeUITests */,
				2C08EF5C2A26867A001D9540 /* Products */,
			);
			sourceTree = "<group>";
		};
		2C08EF5C2A26867A001D9540 /* Products */ = {
			isa = PBXGroup;
			children = (
				2C08EF5B2A26867A001D9540 /* TicTacToe.app */,
				2C08EF6B2A26867B001D9540 /* TicTacToeTests.xctest */,
				2C08EF752A26867B001D9540 /* TicTacToeUITests.xctest */,
			);
			name = Products;
			sourceTree = "<group>";
		};
		2C08EF5D2A26867A001D9540 /* TicTacToe */ = {
			isa = PBXGroup;
			children = (
				2C08EF5E2A26867A001D9540 /* TicTacToeApp.swift */,
				2C08EF8B2A26875F001D9540 /* Models */,
				2C08EF9C2A268B46001D9540 /* Views */,
				2C08EF622A26867B001D9540 /* Assets.xcassets */,
				2C08EF642A26867B001D9540 /* Preview Content */,
			);
			path = TicTacToe;
			sourceTree = "<group>";
		};
		2C08EF642A26867B001D9540 /* Preview Content */ = {
			isa = PBXGroup;
			children = (
				2C08EF652A26867B001D9540 /* Preview Assets.xcassets */,
			);
			path = "Preview Content";
			sourceTree = "<group>";
		};
		2C08EF6E2A26867B001D9540 /* TicTacToeTests */ = {
			isa = PBXGroup;
			children = (
				2C08EF882A268693001D9540 /* ModelTests */,
				2C08EF902A2688AB001D9540 /* ViewModelTests */,
			);
			path = TicTacToeTests;
			sourceTree = "<group>";
		};
		2C08EF782A26867B001D9540 /* TicTacToeUITests */ = {
			isa = PBXGroup;
			children = (
				2C08EF792A26867B001D9540 /* TicTacToeUITests.swift */,
				2C08EF7B2A26867B001D9540 /* TicTacToeUITestsLaunchTests.swift */,
			);
			path = TicTacToeUITests;
			sourceTree = "<group>";
		};
		2C08EF882A268693001D9540 /* ModelTests */ = {
			isa = PBXGroup;
			children = (
				2C08EF892A26872D001D9540 /* TicModelTests.swift */,
			);
			path = ModelTests;
			sourceTree = "<group>";
		};
		2C08EF8B2A26875F001D9540 /* Models */ = {
			isa = PBXGroup;
			children = (
				2C08EF8C2A268781001D9540 /* TicModel.swift */,
				2C08EF932A2688E6001D9540 /* ViewModels */,
			);
			path = Models;
			sourceTree = "<group>";
		};
		2C08EF902A2688AB001D9540 /* ViewModelTests */ = {
			isa = PBXGroup;
			children = (
				2C08EF972A268AAC001D9540 /* TicViewModelTests.swift */,
			);
			path = ViewModelTests;
			sourceTree = "<group>";
		};
		2C08EF932A2688E6001D9540 /* ViewModels */ = {
			isa = PBXGroup;
			children = (
				2C08EF992A268ACE001D9540 /* TicViewModel.swift */,
			);
			path = ViewModels;
			sourceTree = "<group>";
		};
		2C08EF9C2A268B46001D9540 /* Views */ = {
			isa = PBXGroup;
			children = (
				2C08EF9D2A268B90001D9540 /* TicTacToeView.swift */,
				2C08EFA02A26904D001D9540 /* GridView.swift */,
			);
			path = Views;
			sourceTree = "<group>";
		};
/* End PBXGroup section */

/* Begin PBXNativeTarget section */
		2C08EF5A2A26867A001D9540 /* TicTacToe */ = {
			isa = PBXNativeTarget;
			buildConfigurationList = 2C08EF7F2A26867B001D9540 /* Build configuration list for PBXNativeTarget "TicTacToe" */;
			buildPhases = (
				2C08EF572A26867A001D9540 /* Sources */,
				2C08EF582A26867A001D9540 /* Frameworks */,
				2C08EF592A26867A001D9540 /* Resources */,
			);
			buildRules = (
			);
			dependencies = (
			);
			name = TicTacToe;
			productName = TicTacToe;
			productReference = 2C08EF5B2A26867A001D9540 /* TicTacToe.app */;
			productType = "com.apple.product-type.application";
		};
		2C08EF6A2A26867B001D9540 /* TicTacToeTests */ = {
			isa = PBXNativeTarget;
			buildConfigurationList = 2C08EF822A26867B001D9540 /* Build configuration list for PBXNativeTarget "TicTacToeTests" */;
			buildPhases = (
				2C08EF672A26867B001D9540 /* Sources */,
				2C08EF682A26867B001D9540 /* Frameworks */,
				2C08EF692A26867B001D9540 /* Resources */,
			);
			buildRules = (
			);
			dependencies = (
				2C08EF6D2A26867B001D9540 /* PBXTargetDependency */,
			);
			name = TicTacToeTests;
			productName = TicTacToeTests;
			productReference = 2C08EF6B2A26867B001D9540 /* TicTacToeTests.xctest */;
			productType = "com.apple.product-type.bundle.unit-test";
		};
		2C08EF742A26867B001D9540 /* TicTacToeUITests */ = {
			isa = PBXNativeTarget;
			buildConfigurationList = 2C08EF852A26867B001D9540 /* Build configuration list for PBXNativeTarget "TicTacToeUITests" */;
			buildPhases = (
				2C08EF712A26867B001D9540 /* Sources */,
				2C08EF722A26867B001D9540 /* Frameworks */,
				2C08EF732A26867B001D9540 /* Resources */,
			);
			buildRules = (
			);
			dependencies = (
				2C08EF772A26867B001D9540 /* PBXTargetDependency */,
			);
			name = TicTacToeUITests;
			productName = TicTacToeUITests;
			productReference = 2C08EF752A26867B001D9540 /* TicTacToeUITests.xctest */;
			productType = "com.apple.product-type.bundle.ui-testing";
		};
/* End PBXNativeTarget section */

/* Begin PBXProject section */
		2C08EF532A26867A001D9540 /* Project object */ = {
			isa = PBXProject;
			attributes = {
				BuildIndependentTargetsInParallel = 1;
				LastSwiftUpdateCheck = 1430;
				LastUpgradeCheck = 1430;
				TargetAttributes = {
					2C08EF5A2A26867A001D9540 = {
						CreatedOnToolsVersion = 14.3;
					};
					2C08EF6A2A26867B001D9540 = {
						CreatedOnToolsVersion = 14.3;
						LastSwiftMigration = 1430;
						TestTargetID = 2C08EF5A2A26867A001D9540;
					};
					2C08EF742A26867B001D9540 = {
						CreatedOnToolsVersion = 14.3;
						TestTargetID = 2C08EF5A2A26867A001D9540;
					};
				};
			};
			buildConfigurationList = 2C08EF562A26867A001D9540 /* Build configuration list for PBXProject "TicTacToe" */;
			compatibilityVersion = "Xcode 14.0";
			developmentRegion = en;
			hasScannedForEncodings = 0;
			knownRegions = (
				en,
				Base,
			);
			mainGroup = 2C08EF522A26867A001D9540;
			productRefGroup = 2C08EF5C2A26867A001D9540 /* Products */;
			projectDirPath = "";
			projectRoot = "";
			targets = (
				2C08EF5A2A26867A001D9540 /* TicTacToe */,
				2C08EF6A2A26867B001D9540 /* TicTacToeTests */,
				2C08EF742A26867B001D9540 /* TicTacToeUITests */,
			);
		};
/* End PBXProject section */

/* Begin PBXResourcesBuildPhase section */
		2C08EF592A26867A001D9540 /* Resources */ = {
			isa = PBXResourcesBuildPhase;
			buildActionMask = 2147483647;
			files = (
				2C08EF662A26867B001D9540 /* Preview Assets.xcassets in Resources */,
				2C08EF632A26867B001D9540 /* Assets.xcassets in Resources */,
			);
			runOnlyForDeploymentPostprocessing = 0;
		};
		2C08EF692A26867B001D9540 /* Resources */ = {
			isa = PBXResourcesBuildPhase;
			buildActionMask = 2147483647;
			files = (
			);
			runOnlyForDeploymentPostprocessing = 0;
		};
		2C08EF732A26867B001D9540 /* Resources */ = {
			isa = PBXResourcesBuildPhase;
			buildActionMask = 2147483647;
			files = (
			);
			runOnlyForDeploymentPostprocessing = 0;
		};
/* End PBXResourcesBuildPhase section */

/* Begin PBXSourcesBuildPhase section */
		2C08EF572A26867A001D9540 /* Sources */ = {
			isa = PBXSourcesBuildPhase;
			buildActionMask = 2147483647;
			files = (
				2C08EF9A2A268ACE001D9540 /* TicViewModel.swift in Sources */,
				2C08EF9E2A268B90001D9540 /* TicTacToeView.swift in Sources */,
				2C08EF5F2A26867A001D9540 /* TicTacToeApp.swift in Sources */,
				2C08EFA12A26904D001D9540 /* GridView.swift in Sources */,
				2C08EF8D2A268781001D9540 /* TicModel.swift in Sources */,
			);
			runOnlyForDeploymentPostprocessing = 0;
		};
		2C08EF672A26867B001D9540 /* Sources */ = {
			isa = PBXSourcesBuildPhase;
			buildActionMask = 2147483647;
			files = (
				2C08EF8E2A26879B001D9540 /* TicModel.swift in Sources */,
				2C08EF9B2A268ACE001D9540 /* TicViewModel.swift in Sources */,
				2C08EF9F2A268B90001D9540 /* TicTacToeView.swift in Sources */,
				2C08EF8A2A26872D001D9540 /* TicModelTests.swift in Sources */,
				2C08EFA22A26904D001D9540 /* GridView.swift in Sources */,
				2C08EF982A268AAC001D9540 /* TicViewModelTests.swift in Sources */,
			);
			runOnlyForDeploymentPostprocessing = 0;
		};
		2C08EF712A26867B001D9540 /* Sources */ = {
			isa = PBXSourcesBuildPhase;
			buildActionMask = 2147483647;
			files = (
				2C08EF7A2A26867B001D9540 /* TicTacToeUITests.swift in Sources */,
				2C08EF7C2A26867B001D9540 /* TicTacToeUITestsLaunchTests.swift in Sources */,
			);
			runOnlyForDeploymentPostprocessing = 0;
		};
/* End PBXSourcesBuildPhase section */

/* Begin PBXTargetDependency section */
		2C08EF6D2A26867B001D9540 /* PBXTargetDependency */ = {
			isa = PBXTargetDependency;
			target = 2C08EF5A2A26867A001D9540 /* TicTacToe */;
			targetProxy = 2C08EF6C2A26867B001D9540 /* PBXContainerItemProxy */;
		};
		2C08EF772A26867B001D9540 /* PBXTargetDependency */ = {
			isa = PBXTargetDependency;
			target = 2C08EF5A2A26867A001D9540 /* TicTacToe */;
			targetProxy = 2C08EF762A26867B001D9540 /* PBXContainerItemProxy */;
		};
/* End PBXTargetDependency section */

/* Begin XCBuildConfiguration section */
		2C08EF7D2A26867B001D9540 /* Debug */ = {
			isa = XCBuildConfiguration;
			buildSettings = {
				ALWAYS_SEARCH_USER_PATHS = NO;
				CLANG_ANALYZER_NONNULL = YES;
				CLANG_ANALYZER_NUMBER_OBJECT_CONVERSION = YES_AGGRESSIVE;
				CLANG_CXX_LANGUAGE_STANDARD = "gnu++20";
				CLANG_ENABLE_MODULES = YES;
				CLANG_ENABLE_OBJC_ARC = YES;
				CLANG_ENABLE_OBJC_WEAK = YES;
				CLANG_WARN_BLOCK_CAPTURE_AUTORELEASING = YES;
				CLANG_WARN_BOOL_CONVERSION = YES;
				CLANG_WARN_COMMA = YES;
				CLANG_WARN_CONSTANT_CONVERSION = YES;
				CLANG_WARN_DEPRECATED_OBJC_IMPLEMENTATIONS = YES;
				CLANG_WARN_DIRECT_OBJC_ISA_USAGE = YES_ERROR;
				CLANG_WARN_DOCUMENTATION_COMMENTS = YES;
				CLANG_WARN_EMPTY_BODY = YES;
				CLANG_WARN_ENUM_CONVERSION = YES;
				CLANG_WARN_INFINITE_RECURSION = YES;
				CLANG_WARN_INT_CONVERSION = YES;
				CLANG_WARN_NON_LITERAL_NULL_CONVERSION = YES;
				CLANG_WARN_OBJC_IMPLICIT_RETAIN_SELF = YES;
				CLANG_WARN_OBJC_LITERAL_CONVERSION = YES;
				CLANG_WARN_OBJC_ROOT_CLASS = YES_ERROR;
				CLANG_WARN_QUOTED_INCLUDE_IN_FRAMEWORK_HEADER = YES;
				CLANG_WARN_RANGE_LOOP_ANALYSIS = YES;
				CLANG_WARN_STRICT_PROTOTYPES = YES;
				CLANG_WARN_SUSPICIOUS_MOVE = YES;
				CLANG_WARN_UNGUARDED_AVAILABILITY = YES_AGGRESSIVE;
				CLANG_WARN_UNREACHABLE_CODE = YES;
				CLANG_WARN__DUPLICATE_METHOD_MATCH = YES;
				COPY_PHASE_STRIP = NO;
				DEBUG_INFORMATION_FORMAT = dwarf;
				ENABLE_STRICT_OBJC_MSGSEND = YES;
				ENABLE_TESTABILITY = YES;
				GCC_C_LANGUAGE_STANDARD = gnu11;
				GCC_DYNAMIC_NO_PIC = NO;
				GCC_NO_COMMON_BLOCKS = YES;
				GCC_OPTIMIZATION_LEVEL = 0;
				GCC_PREPROCESSOR_DEFINITIONS = (
					"DEBUG=1",
					"$(inherited)",
				);
				GCC_WARN_64_TO_32_BIT_CONVERSION = YES;
				GCC_WARN_ABOUT_RETURN_TYPE = YES_ERROR;
				GCC_WARN_UNDECLARED_SELECTOR = YES;
				GCC_WARN_UNINITIALIZED_AUTOS = YES_AGGRESSIVE;
				GCC_WARN_UNUSED_FUNCTION = YES;
				GCC_WARN_UNUSED_VARIABLE = YES;
				IPHONEOS_DEPLOYMENT_TARGET = 16.4;
				MTL_ENABLE_DEBUG_INFO = INCLUDE_SOURCE;
				MTL_FAST_MATH = YES;
				ONLY_ACTIVE_ARCH = YES;
				SDKROOT = iphoneos;
				SWIFT_ACTIVE_COMPILATION_CONDITIONS = DEBUG;
				SWIFT_OPTIMIZATION_LEVEL = "-Onone";
			};
			name = Debug;
		};
		2C08EF7E2A26867B001D9540 /* Release */ = {
			isa = XCBuildConfiguration;
			buildSettings = {
				ALWAYS_SEARCH_USER_PATHS = NO;
				CLANG_ANALYZER_NONNULL = YES;
				CLANG_ANALYZER_NUMBER_OBJECT_CONVERSION = YES_AGGRESSIVE;
				CLANG_CXX_LANGUAGE_STANDARD = "gnu++20";
				CLANG_ENABLE_MODULES = YES;
				CLANG_ENABLE_OBJC_ARC = YES;
				CLANG_ENABLE_OBJC_WEAK = YES;
				CLANG_WARN_BLOCK_CAPTURE_AUTORELEASING = YES;
				CLANG_WARN_BOOL_CONVERSION = YES;
				CLANG_WARN_COMMA = YES;
				CLANG_WARN_CONSTANT_CONVERSION = YES;
				CLANG_WARN_DEPRECATED_OBJC_IMPLEMENTATIONS = YES;
				CLANG_WARN_DIRECT_OBJC_ISA_USAGE = YES_ERROR;
				CLANG_WARN_DOCUMENTATION_COMMENTS = YES;
				CLANG_WARN_EMPTY_BODY = YES;
				CLANG_WARN_ENUM_CONVERSION = YES;
				CLANG_WARN_INFINITE_RECURSION = YES;
				CLANG_WARN_INT_CONVERSION = YES;
				CLANG_WARN_NON_LITERAL_NULL_CONVERSION = YES;
				CLANG_WARN_OBJC_IMPLICIT_RETAIN_SELF = YES;
				CLANG_WARN_OBJC_LITERAL_CONVERSION = YES;
				CLANG_WARN_OBJC_ROOT_CLASS = YES_ERROR;
				CLANG_WARN_QUOTED_INCLUDE_IN_FRAMEWORK_HEADER = YES;
				CLANG_WARN_RANGE_LOOP_ANALYSIS = YES;
				CLANG_WARN_STRICT_PROTOTYPES = YES;
				CLANG_WARN_SUSPICIOUS_MOVE = YES;
				CLANG_WARN_UNGUARDED_AVAILABILITY = YES_AGGRESSIVE;
				CLANG_WARN_UNREACHABLE_CODE = YES;
				CLANG_WARN__DUPLICATE_METHOD_MATCH = YES;
				COPY_PHASE_STRIP = NO;
				DEBUG_INFORMATION_FORMAT = "dwarf-with-dsym";
				ENABLE_NS_ASSERTIONS = NO;
				ENABLE_STRICT_OBJC_MSGSEND = YES;
				GCC_C_LANGUAGE_STANDARD = gnu11;
				GCC_NO_COMMON_BLOCKS = YES;
				GCC_WARN_64_TO_32_BIT_CONVERSION = YES;
				GCC_WARN_ABOUT_RETURN_TYPE = YES_ERROR;
				GCC_WARN_UNDECLARED_SELECTOR = YES;
				GCC_WARN_UNINITIALIZED_AUTOS = YES_AGGRESSIVE;
				GCC_WARN_UNUSED_FUNCTION = YES;
				GCC_WARN_UNUSED_VARIABLE = YES;
				IPHONEOS_DEPLOYMENT_TARGET = 16.4;
				MTL_ENABLE_DEBUG_INFO = NO;
				MTL_FAST_MATH = YES;
				SDKROOT = iphoneos;
				SWIFT_COMPILATION_MODE = wholemodule;
				SWIFT_OPTIMIZATION_LEVEL = "-O";
				VALIDATE_PRODUCT = YES;
			};
			name = Release;
		};
		2C08EF802A26867B001D9540 /* Debug */ = {
			isa = XCBuildConfiguration;
			buildSettings = {
				ASSETCATALOG_COMPILER_APPICON_NAME = AppIcon;
				ASSETCATALOG_COMPILER_GLOBAL_ACCENT_COLOR_NAME = AccentColor;
				CODE_SIGN_STYLE = Automatic;
				CURRENT_PROJECT_VERSION = 1;
				DEVELOPMENT_ASSET_PATHS = "\"TicTacToe/Preview Content\"";
				ENABLE_PREVIEWS = YES;
				GENERATE_INFOPLIST_FILE = YES;
				INFOPLIST_KEY_UIApplicationSceneManifest_Generation = YES;
				INFOPLIST_KEY_UIApplicationSupportsIndirectInputEvents = YES;
				INFOPLIST_KEY_UILaunchScreen_Generation = YES;
				INFOPLIST_KEY_UISupportedInterfaceOrientations_iPad = "UIInterfaceOrientationPortrait UIInterfaceOrientationPortraitUpsideDown UIInterfaceOrientationLandscapeLeft UIInterfaceOrientationLandscapeRight";
				INFOPLIST_KEY_UISupportedInterfaceOrientations_iPhone = "UIInterfaceOrientationPortrait UIInterfaceOrientationLandscapeLeft UIInterfaceOrientationLandscapeRight";
				LD_RUNPATH_SEARCH_PATHS = (
					"$(inherited)",
					"@executable_path/Frameworks",
				);
				MARKETING_VERSION = 1.0;
				PRODUCT_BUNDLE_IDENTIFIER = edu.cascadia.TicTacToe;
				PRODUCT_NAME = "$(TARGET_NAME)";
				SWIFT_EMIT_LOC_STRINGS = YES;
				SWIFT_VERSION = 5.0;
				TARGETED_DEVICE_FAMILY = "1,2";
			};
			name = Debug;
		};
		2C08EF812A26867B001D9540 /* Release */ = {
			isa = XCBuildConfiguration;
			buildSettings = {
				ASSETCATALOG_COMPILER_APPICON_NAME = AppIcon;
				ASSETCATALOG_COMPILER_GLOBAL_ACCENT_COLOR_NAME = AccentColor;
				CODE_SIGN_STYLE = Automatic;
				CURRENT_PROJECT_VERSION = 1;
				DEVELOPMENT_ASSET_PATHS = "\"TicTacToe/Preview Content\"";
				ENABLE_PREVIEWS = YES;
				GENERATE_INFOPLIST_FILE = YES;
				INFOPLIST_KEY_UIApplicationSceneManifest_Generation = YES;
				INFOPLIST_KEY_UIApplicationSupportsIndirectInputEvents = YES;
				INFOPLIST_KEY_UILaunchScreen_Generation = YES;
				INFOPLIST_KEY_UISupportedInterfaceOrientations_iPad = "UIInterfaceOrientationPortrait UIInterfaceOrientationPortraitUpsideDown UIInterfaceOrientationLandscapeLeft UIInterfaceOrientationLandscapeRight";
				INFOPLIST_KEY_UISupportedInterfaceOrientations_iPhone = "UIInterfaceOrientationPortrait UIInterfaceOrientationLandscapeLeft UIInterfaceOrientationLandscapeRight";
				LD_RUNPATH_SEARCH_PATHS = (
					"$(inherited)",
					"@executable_path/Frameworks",
				);
				MARKETING_VERSION = 1.0;
				PRODUCT_BUNDLE_IDENTIFIER = edu.cascadia.TicTacToe;
				PRODUCT_NAME = "$(TARGET_NAME)";
				SWIFT_EMIT_LOC_STRINGS = YES;
				SWIFT_VERSION = 5.0;
				TARGETED_DEVICE_FAMILY = "1,2";
			};
			name = Release;
		};
		2C08EF832A26867B001D9540 /* Debug */ = {
			isa = XCBuildConfiguration;
			buildSettings = {
				ALWAYS_EMBED_SWIFT_STANDARD_LIBRARIES = YES;
				BUNDLE_LOADER = "$(TEST_HOST)";
				CLANG_ENABLE_MODULES = YES;
				CODE_SIGN_STYLE = Automatic;
				CURRENT_PROJECT_VERSION = 1;
				GENERATE_INFOPLIST_FILE = YES;
				IPHONEOS_DEPLOYMENT_TARGET = 16.4;
				MARKETING_VERSION = 1.0;
				PRODUCT_BUNDLE_IDENTIFIER = edu.cascadia.TicTacToeTests;
				PRODUCT_NAME = "$(TARGET_NAME)";
				SWIFT_EMIT_LOC_STRINGS = NO;
				SWIFT_OPTIMIZATION_LEVEL = "-Onone";
				SWIFT_VERSION = 5.0;
				TARGETED_DEVICE_FAMILY = "1,2";
				TEST_HOST = "$(BUILT_PRODUCTS_DIR)/TicTacToe.app/$(BUNDLE_EXECUTABLE_FOLDER_PATH)/TicTacToe";
			};
			name = Debug;
		};
		2C08EF842A26867B001D9540 /* Release */ = {
			isa = XCBuildConfiguration;
			buildSettings = {
				ALWAYS_EMBED_SWIFT_STANDARD_LIBRARIES = YES;
				BUNDLE_LOADER = "$(TEST_HOST)";
				CLANG_ENABLE_MODULES = YES;
				CODE_SIGN_STYLE = Automatic;
				CURRENT_PROJECT_VERSION = 1;
				GENERATE_INFOPLIST_FILE = YES;
				IPHONEOS_DEPLOYMENT_TARGET = 16.4;
				MARKETING_VERSION = 1.0;
				PRODUCT_BUNDLE_IDENTIFIER = edu.cascadia.TicTacToeTests;
				PRODUCT_NAME = "$(TARGET_NAME)";
				SWIFT_EMIT_LOC_STRINGS = NO;
				SWIFT_VERSION = 5.0;
				TARGETED_DEVICE_FAMILY = "1,2";
				TEST_HOST = "$(BUILT_PRODUCTS_DIR)/TicTacToe.app/$(BUNDLE_EXECUTABLE_FOLDER_PATH)/TicTacToe";
			};
			name = Release;
		};
		2C08EF862A26867B001D9540 /* Debug */ = {
			isa = XCBuildConfiguration;
			buildSettings = {
				ALWAYS_EMBED_SWIFT_STANDARD_LIBRARIES = YES;
				CODE_SIGN_STYLE = Automatic;
				CURRENT_PROJECT_VERSION = 1;
				GENERATE_INFOPLIST_FILE = YES;
				MARKETING_VERSION = 1.0;
				PRODUCT_BUNDLE_IDENTIFIER = edu.cascadia.TicTacToeUITests;
				PRODUCT_NAME = "$(TARGET_NAME)";
				SWIFT_EMIT_LOC_STRINGS = NO;
				SWIFT_VERSION = 5.0;
				TARGETED_DEVICE_FAMILY = "1,2";
				TEST_TARGET_NAME = TicTacToe;
			};
			name = Debug;
		};
		2C08EF872A26867B001D9540 /* Release */ = {
			isa = XCBuildConfiguration;
			buildSettings = {
				ALWAYS_EMBED_SWIFT_STANDARD_LIBRARIES = YES;
				CODE_SIGN_STYLE = Automatic;
				CURRENT_PROJECT_VERSION = 1;
				GENERATE_INFOPLIST_FILE = YES;
				MARKETING_VERSION = 1.0;
				PRODUCT_BUNDLE_IDENTIFIER = edu.cascadia.TicTacToeUITests;
				PRODUCT_NAME = "$(TARGET_NAME)";
				SWIFT_EMIT_LOC_STRINGS = NO;
				SWIFT_VERSION = 5.0;
				TARGETED_DEVICE_FAMILY = "1,2";
				TEST_TARGET_NAME = TicTacToe;
			};
			name = Release;
		};
/* End XCBuildConfiguration section */

/* Begin XCConfigurationList section */
		2C08EF562A26867A001D9540 /* Build configuration list for PBXProject "TicTacToe" */ = {
			isa = XCConfigurationList;
			buildConfigurations = (
				2C08EF7D2A26867B001D9540 /* Debug */,
				2C08EF7E2A26867B001D9540 /* Release */,
			);
			defaultConfigurationIsVisible = 0;
			defaultConfigurationName = Release;
		};
		2C08EF7F2A26867B001D9540 /* Build configuration list for PBXNativeTarget "TicTacToe" */ = {
			isa = XCConfigurationList;
			buildConfigurations = (
				2C08EF802A26867B001D9540 /* Debug */,
				2C08EF812A26867B001D9540 /* Release */,
			);
			defaultConfigurationIsVisible = 0;
			defaultConfigurationName = Release;
		};
		2C08EF822A26867B001D9540 /* Build configuration list for PBXNativeTarget "TicTacToeTests" */ = {
			isa = XCConfigurationList;
			buildConfigurations = (
				2C08EF832A26867B001D9540 /* Debug */,
				2C08EF842A26867B001D9540 /* Release */,
			);
			defaultConfigurationIsVisible = 0;
			defaultConfigurationName = Release;
		};
		2C08EF852A26867B001D9540 /* Build configuration list for PBXNativeTarget "TicTacToeUITests" */ = {
			isa = XCConfigurationList;
			buildConfigurations = (
				2C08EF862A26867B001D9540 /* Debug */,
				2C08EF872A26867B001D9540 /* Release */,
			);
			defaultConfigurationIsVisible = 0;
			defaultConfigurationName = Release;
		};
/* End XCConfigurationList section */
	};
	rootObject = 2C08EF532A26867A001D9540 /* Project object */;
}
